
Microsoft Visual Studio Solution File, Format Version 12.00
# Visual Studio Version 16
VisualStudioVersion = 16.0.31702.278
MinimumVisualStudioVersion = 10.0.40219.1
Project("{FAE04EC0-301F-11D3-BF4B-00C04F79EFBC}") = "QuanLyKhachSan", "QuanLyKhachSan\QuanLyKhachSan.csproj", "{398F37F6-0535-43CF-8FD2-3CF47F3CBC76}"
EndProject
Global
	GlobalSection(SolutionConfigurationPlatforms) = preSolution
		Debug|Any CPU = Debug|Any CPU
		Release|Any CPU = Release|Any CPU
	EndGlobalSection
	GlobalSection(ProjectConfigurationPlatforms) = postSolution
		{398F37F6-0535-43CF-8FD2-3CF47F3CBC76}.Debug|Any CPU.ActiveCfg = Debug|Any CPU
		{398F37F6-0535-43CF-8FD2-3CF47F3CBC76}.Debug|Any CPU.Build.0 = Debug|Any CPU
		{398F37F6-0535-43CF-8FD2-3CF47F3CBC76}.Release|Any CPU.ActiveCfg = Release|Any CPU
		{398F37F6-0535-43CF-8FD2-3CF47F3CBC76}.Release|Any CPU.Build.0 = Release|Any CPU
	EndGlobalSection
	GlobalSection(SolutionProperties) = preSolution
		HideSolutionNode = FALSE
	EndGlobalSection
	GlobalSection(ExtensibilityGlobals) = postSolution
		SolutionGuid = {2B1FD256-C184-4054-BF21-98D8AC45B875}
	EndGlobalSection
EndGlobal
